
Microsoft Visual Studio Solution File, Format Version 12.00
# Visual Studio Version 16
VisualStudioVersion = 16.0.30204.135
MinimumVisualStudioVersion = 10.0.40219.1
Project("{FAE04EC0-301F-11D3-BF4B-00C04F79EFBC}") = "Calculator", "Calculator\Calculator.csproj", "{F6DAA057-8F64-44AE-BDC0-6063E893E650}"
EndProject
Global
	GlobalSection(SolutionConfigurationPlatforms) = preSolution
		Debug|Any CPU = Debug|Any CPU
		Release|Any CPU = Release|Any CPU
	EndGlobalSection
	GlobalSection(ProjectConfigurationPlatforms) = postSolution
		{F6DAA057-8F64-44AE-BDC0-6063E893E650}.Debug|Any CPU.ActiveCfg = Debug|Any CPU
		{F6DAA057-8F64-44AE-BDC0-6063E893E650}.Debug|Any CPU.Build.0 = Debug|Any CPU
		{F6DAA057-8F64-44AE-BDC0-6063E893E650}.Release|Any CPU.ActiveCfg = Release|Any CPU
		{F6DAA057-8F64-44AE-BDC0-6063E893E650}.Release|Any CPU.Build.0 = Release|Any CPU
	EndGlobalSection
	GlobalSection(SolutionProperties) = preSolution
		HideSolutionNode = FALSE
	EndGlobalSection
	GlobalSection(ExtensibilityGlobals) = postSolution
		SolutionGuid = {15F85B87-7601-4EFC-9874-1B6B6A18DE7B}
	EndGlobalSection
EndGlobal
